// !$*UTF8*$!
{
	archiveVersion = 1;
	classes = {
	};
	objectVersion = 50;
	objects = {

/* Begin PBXBuildFile section */
		BE17934C2217524B0075FCA2 /* AppDelegate.swift in Sources */ = {isa = PBXBuildFile; fileRef = BE17934B2217524B0075FCA2 /* AppDelegate.swift */; };
		BE17934E2217524C0075FCA2 /* Assets.xcassets in Resources */ = {isa = PBXBuildFile; fileRef = BE17934D2217524C0075FCA2 /* Assets.xcassets */; };
		BE1793512217524C0075FCA2 /* MainMenu.xib in Resources */ = {isa = PBXBuildFile; fileRef = BE17934F2217524C0075FCA2 /* MainMenu.xib */; };
		BE179362221753F40075FCA2 /* AuditLib.h in Headers */ = {isa = PBXBuildFile; fileRef = BE179360221753F40075FCA2 /* AuditLib.h */; settings = {ATTRIBUTES = (Public, ); }; };
		BE179365221753F40075FCA2 /* AuditLib.framework in Frameworks */ = {isa = PBXBuildFile; fileRef = BE17935E221753F40075FCA2 /* AuditLib.framework */; };
		BE179366221753F40075FCA2 /* AuditLib.framework in Embed Frameworks */ = {isa = PBXBuildFile; fileRef = BE17935E221753F40075FCA2 /* AuditLib.framework */; settings = {ATTRIBUTES = (CodeSignOnCopy, RemoveHeadersOnCopy, ); }; };
		BE17936C221754170075FCA2 /* Property.swift in Sources */ = {isa = PBXBuildFile; fileRef = BE17936B221754170075FCA2 /* Property.swift */; };
		BE17936E221758A10075FCA2 /* Object.swift in Sources */ = {isa = PBXBuildFile; fileRef = BE17936D221758A10075FCA2 /* Object.swift */; };
		BE17937022175FBF0075FCA2 /* Properties.swift in Sources */ = {isa = PBXBuildFile; fileRef = BE17936F22175FBF0075FCA2 /* Properties.swift */; };
		BE17937322176E580075FCA2 /* AudioControl.swift in Sources */ = {isa = PBXBuildFile; fileRef = BE17937122176E580075FCA2 /* AudioControl.swift */; };
		BE1793772218182E0075FCA2 /* fourcc.json in Resources */ = {isa = PBXBuildFile; fileRef = BE1793752218182E0075FCA2 /* fourcc.json */; };
		BE1793782218182E0075FCA2 /* FourCCDatabase.swift in Sources */ = {isa = PBXBuildFile; fileRef = BE1793762218182E0075FCA2 /* FourCCDatabase.swift */; };
/* End PBXBuildFile section */

/* Begin PBXContainerItemProxy section */
		BE179363221753F40075FCA2 /* PBXContainerItemProxy */ = {
			isa = PBXContainerItemProxy;
			containerPortal = BE1793402217524B0075FCA2 /* Project object */;
			proxyType = 1;
			remoteGlobalIDString = BE17935D221753F40075FCA2;
			remoteInfo = AuditLib;
		};
/* End PBXContainerItemProxy section */

/* Begin PBXCopyFilesBuildPhase section */
		BE17936A221753F40075FCA2 /* Embed Frameworks */ = {
			isa = PBXCopyFilesBuildPhase;
			buildActionMask = 2147483647;
			dstPath = "";
			dstSubfolderSpec = 10;
			files = (
				BE179366221753F40075FCA2 /* AuditLib.framework in Embed Frameworks */,
			);
			name = "Embed Frameworks";
			runOnlyForDeploymentPostprocessing = 0;
		};
/* End PBXCopyFilesBuildPhase section */

/* Begin PBXFileReference section */
		BE1793482217524B0075FCA2 /* Audit.app */ = {isa = PBXFileReference; explicitFileType = wrapper.application; includeInIndex = 0; path = Audit.app; sourceTree = BUILT_PRODUCTS_DIR; };
		BE17934B2217524B0075FCA2 /* AppDelegate.swift */ = {isa = PBXFileReference; lastKnownFileType = sourcecode.swift; path = AppDelegate.swift; sourceTree = "<group>"; };
		BE17934D2217524C0075FCA2 /* Assets.xcassets */ = {isa = PBXFileReference; lastKnownFileType = folder.assetcatalog; path = Assets.xcassets; sourceTree = "<group>"; };
		BE1793502217524C0075FCA2 /* Base */ = {isa = PBXFileReference; lastKnownFileType = file.xib; name = Base; path = Base.lproj/MainMenu.xib; sourceTree = "<group>"; };
		BE1793522217524C0075FCA2 /* Info.plist */ = {isa = PBXFileReference; lastKnownFileType = text.plist.xml; path = Info.plist; sourceTree = "<group>"; };
		BE17935E221753F40075FCA2 /* AuditLib.framework */ = {isa = PBXFileReference; explicitFileType = wrapper.framework; includeInIndex = 0; path = AuditLib.framework; sourceTree = BUILT_PRODUCTS_DIR; };
		BE179360221753F40075FCA2 /* AuditLib.h */ = {isa = PBXFileReference; lastKnownFileType = sourcecode.c.h; path = AuditLib.h; sourceTree = "<group>"; };
		BE179361221753F40075FCA2 /* Info.plist */ = {isa = PBXFileReference; lastKnownFileType = text.plist.xml; path = Info.plist; sourceTree = "<group>"; };
		BE17936B221754170075FCA2 /* Property.swift */ = {isa = PBXFileReference; fileEncoding = 4; lastKnownFileType = sourcecode.swift; path = Property.swift; sourceTree = "<group>"; };
		BE17936D221758A10075FCA2 /* Object.swift */ = {isa = PBXFileReference; lastKnownFileType = sourcecode.swift; path = Object.swift; sourceTree = "<group>"; };
		BE17936F22175FBF0075FCA2 /* Properties.swift */ = {isa = PBXFileReference; lastKnownFileType = sourcecode.swift; path = Properties.swift; sourceTree = "<group>"; };
		BE17937122176E580075FCA2 /* AudioControl.swift */ = {isa = PBXFileReference; fileEncoding = 4; lastKnownFileType = sourcecode.swift; path = AudioControl.swift; sourceTree = "<group>"; };
		BE1793752218182E0075FCA2 /* fourcc.json */ = {isa = PBXFileReference; fileEncoding = 4; lastKnownFileType = text.json; path = fourcc.json; sourceTree = "<group>"; };
		BE1793762218182E0075FCA2 /* FourCCDatabase.swift */ = {isa = PBXFileReference; fileEncoding = 4; lastKnownFileType = sourcecode.swift; path = FourCCDatabase.swift; sourceTree = "<group>"; };
/* End PBXFileReference section */

/* Begin PBXFrameworksBuildPhase section */
		BE1793452217524B0075FCA2 /* Frameworks */ = {
			isa = PBXFrameworksBuildPhase;
			buildActionMask = 2147483647;
			files = (
				BE179365221753F40075FCA2 /* AuditLib.framework in Frameworks */,
			);
			runOnlyForDeploymentPostprocessing = 0;
		};
		BE17935B221753F40075FCA2 /* Frameworks */ = {
			isa = PBXFrameworksBuildPhase;
			buildActionMask = 2147483647;
			files = (
			);
			runOnlyForDeploymentPostprocessing = 0;
		};
/* End PBXFrameworksBuildPhase section */

/* Begin PBXGroup section */
		BE17933F2217524B0075FCA2 = {
			isa = PBXGroup;
			children = (
				BE17934A2217524B0075FCA2 /* Audit */,
				BE17935F221753F40075FCA2 /* AuditLib */,
				BE1793492217524B0075FCA2 /* Products */,
			);
			sourceTree = "<group>";
		};
		BE1793492217524B0075FCA2 /* Products */ = {
			isa = PBXGroup;
			children = (
				BE1793482217524B0075FCA2 /* Audit.app */,
				BE17935E221753F40075FCA2 /* AuditLib.framework */,
			);
			name = Products;
			sourceTree = "<group>";
		};
		BE17934A2217524B0075FCA2 /* Audit */ = {
			isa = PBXGroup;
			children = (
				BE17937122176E580075FCA2 /* AudioControl.swift */,
				BE1793752218182E0075FCA2 /* fourcc.json */,
				BE1793762218182E0075FCA2 /* FourCCDatabase.swift */,
				BE17934B2217524B0075FCA2 /* AppDelegate.swift */,
				BE17934D2217524C0075FCA2 /* Assets.xcassets */,
				BE17934F2217524C0075FCA2 /* MainMenu.xib */,
				BE1793522217524C0075FCA2 /* Info.plist */,
			);
			path = Audit;
			sourceTree = "<group>";
		};
		BE17935F221753F40075FCA2 /* AuditLib */ = {
			isa = PBXGroup;
			children = (
				BE179360221753F40075FCA2 /* AuditLib.h */,
				BE179361221753F40075FCA2 /* Info.plist */,
				BE17936B221754170075FCA2 /* Property.swift */,
				BE17936D221758A10075FCA2 /* Object.swift */,
				BE17936F22175FBF0075FCA2 /* Properties.swift */,
			);
			path = AuditLib;
			sourceTree = "<group>";
		};
/* End PBXGroup section */

/* Begin PBXHeadersBuildPhase section */
		BE179359221753F40075FCA2 /* Headers */ = {
			isa = PBXHeadersBuildPhase;
			buildActionMask = 2147483647;
			files = (
				BE179362221753F40075FCA2 /* AuditLib.h in Headers */,
			);
			runOnlyForDeploymentPostprocessing = 0;
		};
/* End PBXHeadersBuildPhase section */

/* Begin PBXNativeTarget section */
		BE1793472217524B0075FCA2 /* Audit */ = {
			isa = PBXNativeTarget;
			buildConfigurationList = BE1793562217524C0075FCA2 /* Build configuration list for PBXNativeTarget "Audit" */;
			buildPhases = (
				BE1793442217524B0075FCA2 /* Sources */,
				BE1793452217524B0075FCA2 /* Frameworks */,
				BE1793462217524B0075FCA2 /* Resources */,
				BE17936A221753F40075FCA2 /* Embed Frameworks */,
			);
			buildRules = (
			);
			dependencies = (
				BE179364221753F40075FCA2 /* PBXTargetDependency */,
			);
			name = Audit;
			productName = Audit;
			productReference = BE1793482217524B0075FCA2 /* Audit.app */;
			productType = "com.apple.product-type.application";
		};
		BE17935D221753F40075FCA2 /* AuditLib */ = {
			isa = PBXNativeTarget;
			buildConfigurationList = BE179367221753F40075FCA2 /* Build configuration list for PBXNativeTarget "AuditLib" */;
			buildPhases = (
				BE179359221753F40075FCA2 /* Headers */,
				BE17935A221753F40075FCA2 /* Sources */,
				BE17935B221753F40075FCA2 /* Frameworks */,
				BE17935C221753F40075FCA2 /* Resources */,
			);
			buildRules = (
			);
			dependencies = (
			);
			name = AuditLib;
			productName = AuditLib;
			productReference = BE17935E221753F40075FCA2 /* AuditLib.framework */;
			productType = "com.apple.product-type.framework";
		};
/* End PBXNativeTarget section */

/* Begin PBXProject section */
		BE1793402217524B0075FCA2 /* Project object */ = {
			isa = PBXProject;
			attributes = {
				LastSwiftUpdateCheck = 1010;
				LastUpgradeCheck = 1010;
				ORGANIZATIONNAME = "Tamas Lustyik";
				TargetAttributes = {
					BE1793472217524B0075FCA2 = {
						CreatedOnToolsVersion = 10.1;
					};
					BE17935D221753F40075FCA2 = {
						CreatedOnToolsVersion = 10.1;
						LastSwiftMigration = 1010;
					};
				};
			};
			buildConfigurationList = BE1793432217524B0075FCA2 /* Build configuration list for PBXProject "Audit" */;
			compatibilityVersion = "Xcode 9.3";
			developmentRegion = en;
			hasScannedForEncodings = 0;
			knownRegions = (
				en,
				Base,
			);
			mainGroup = BE17933F2217524B0075FCA2;
			productRefGroup = BE1793492217524B0075FCA2 /* Products */;
			projectDirPath = "";
			projectRoot = "";
			targets = (
				BE1793472217524B0075FCA2 /* Audit */,
				BE17935D221753F40075FCA2 /* AuditLib */,
			);
		};
/* End PBXProject section */

/* Begin PBXResourcesBuildPhase section */
		BE1793462217524B0075FCA2 /* Resources */ = {
			isa = PBXResourcesBuildPhase;
			buildActionMask = 2147483647;
			files = (
				BE17934E2217524C0075FCA2 /* Assets.xcassets in Resources */,
				BE1793772218182E0075FCA2 /* fourcc.json in Resources */,
				BE1793512217524C0075FCA2 /* MainMenu.xib in Resources */,
			);
			runOnlyForDeploymentPostprocessing = 0;
		};
		BE17935C221753F40075FCA2 /* Resources */ = {
			isa = PBXResourcesBuildPhase;
			buildActionMask = 2147483647;
			files = (
			);
			runOnlyForDeploymentPostprocessing = 0;
		};
/* End PBXResourcesBuildPhase section */

/* Begin PBXSourcesBuildPhase section */
		BE1793442217524B0075FCA2 /* Sources */ = {
			isa = PBXSourcesBuildPhase;
			buildActionMask = 2147483647;
			files = (
				BE17937322176E580075FCA2 /* AudioControl.swift in Sources */,
				BE17934C2217524B0075FCA2 /* AppDelegate.swift in Sources */,
				BE1793782218182E0075FCA2 /* FourCCDatabase.swift in Sources */,
			);
			runOnlyForDeploymentPostprocessing = 0;
		};
		BE17935A221753F40075FCA2 /* Sources */ = {
			isa = PBXSourcesBuildPhase;
			buildActionMask = 2147483647;
			files = (
				BE17937022175FBF0075FCA2 /* Properties.swift in Sources */,
				BE17936E221758A10075FCA2 /* Object.swift in Sources */,
				BE17936C221754170075FCA2 /* Property.swift in Sources */,
			);
			runOnlyForDeploymentPostprocessing = 0;
		};
/* End PBXSourcesBuildPhase section */

/* Begin PBXTargetDependency section */
		BE179364221753F40075FCA2 /* PBXTargetDependency */ = {
			isa = PBXTargetDependency;
			target = BE17935D221753F40075FCA2 /* AuditLib */;
			targetProxy = BE179363221753F40075FCA2 /* PBXContainerItemProxy */;
		};
/* End PBXTargetDependency section */

/* Begin PBXVariantGroup section */
		BE17934F2217524C0075FCA2 /* MainMenu.xib */ = {
			isa = PBXVariantGroup;
			children = (
				BE1793502217524C0075FCA2 /* Base */,
			);
			name = MainMenu.xib;
			sourceTree = "<group>";
		};
/* End PBXVariantGroup section */

/* Begin XCBuildConfiguration section */
		BE1793542217524C0075FCA2 /* Debug */ = {
			isa = XCBuildConfiguration;
			buildSettings = {
				ALWAYS_SEARCH_USER_PATHS = NO;
				CLANG_ANALYZER_NONNULL = YES;
				CLANG_ANALYZER_NUMBER_OBJECT_CONVERSION = YES_AGGRESSIVE;
				CLANG_CXX_LANGUAGE_STANDARD = "gnu++14";
				CLANG_CXX_LIBRARY = "libc++";
				CLANG_ENABLE_MODULES = YES;
				CLANG_ENABLE_OBJC_ARC = YES;
				CLANG_ENABLE_OBJC_WEAK = YES;
				CLANG_WARN_BLOCK_CAPTURE_AUTORELEASING = YES;
				CLANG_WARN_BOOL_CONVERSION = YES;
				CLANG_WARN_COMMA = YES;
				CLANG_WARN_CONSTANT_CONVERSION = YES;
				CLANG_WARN_DEPRECATED_OBJC_IMPLEMENTATIONS = YES;
				CLANG_WARN_DIRECT_OBJC_ISA_USAGE = YES_ERROR;
				CLANG_WARN_DOCUMENTATION_COMMENTS = YES;
				CLANG_WARN_EMPTY_BODY = YES;
				CLANG_WARN_ENUM_CONVERSION = YES;
				CLANG_WARN_INFINITE_RECURSION = YES;
				CLANG_WARN_INT_CONVERSION = YES;
				CLANG_WARN_NON_LITERAL_NULL_CONVERSION = YES;
				CLANG_WARN_OBJC_IMPLICIT_RETAIN_SELF = YES;
				CLANG_WARN_OBJC_LITERAL_CONVERSION = YES;
				CLANG_WARN_OBJC_ROOT_CLASS = YES_ERROR;
				CLANG_WARN_RANGE_LOOP_ANALYSIS = YES;
				CLANG_WARN_STRICT_PROTOTYPES = YES;
				CLANG_WARN_SUSPICIOUS_MOVE = YES;
				CLANG_WARN_UNGUARDED_AVAILABILITY = YES_AGGRESSIVE;
				CLANG_WARN_UNREACHABLE_CODE = YES;
				CLANG_WARN__DUPLICATE_METHOD_MATCH = YES;
				CODE_SIGN_IDENTITY = "-";
				COPY_PHASE_STRIP = NO;
				DEBUG_INFORMATION_FORMAT = dwarf;
				ENABLE_STRICT_OBJC_MSGSEND = YES;
				ENABLE_TESTABILITY = YES;
				GCC_C_LANGUAGE_STANDARD = gnu11;
				GCC_DYNAMIC_NO_PIC = NO;
				GCC_NO_COMMON_BLOCKS = YES;
				GCC_OPTIMIZATION_LEVEL = 0;
				GCC_PREPROCESSOR_DEFINITIONS = (
					"DEBUG=1",
					"$(inherited)",
				);
				GCC_WARN_64_TO_32_BIT_CONVERSION = YES;
				GCC_WARN_ABOUT_RETURN_TYPE = YES_ERROR;
				GCC_WARN_UNDECLARED_SELECTOR = YES;
				GCC_WARN_UNINITIALIZED_AUTOS = YES_AGGRESSIVE;
				GCC_WARN_UNUSED_FUNCTION = YES;
				GCC_WARN_UNUSED_VARIABLE = YES;
				MACOSX_DEPLOYMENT_TARGET = 10.13;
				MTL_ENABLE_DEBUG_INFO = INCLUDE_SOURCE;
				MTL_FAST_MATH = YES;
				ONLY_ACTIVE_ARCH = YES;
				SDKROOT = macosx;
				SWIFT_ACTIVE_COMPILATION_CONDITIONS = DEBUG;
				SWIFT_OPTIMIZATION_LEVEL = "-Onone";
			};
			name = Debug;
		};
		BE1793552217524C0075FCA2 /* Release */ = {
			isa = XCBuildConfiguration;
			buildSettings = {
				ALWAYS_SEARCH_USER_PATHS = NO;
				CLANG_ANALYZER_NONNULL = YES;
				CLANG_ANALYZER_NUMBER_OBJECT_CONVERSION = YES_AGGRESSIVE;
				CLANG_CXX_LANGUAGE_STANDARD = "gnu++14";
				CLANG_CXX_LIBRARY = "libc++";
				CLANG_ENABLE_MODULES = YES;
				CLANG_ENABLE_OBJC_ARC = YES;
				CLANG_ENABLE_OBJC_WEAK = YES;
				CLANG_WARN_BLOCK_CAPTURE_AUTORELEASING = YES;
				CLANG_WARN_BOOL_CONVERSION = YES;
				CLANG_WARN_COMMA = YES;
				CLANG_WARN_CONSTANT_CONVERSION = YES;
				CLANG_WARN_DEPRECATED_OBJC_IMPLEMENTATIONS = YES;
				CLANG_WARN_DIRECT_OBJC_ISA_USAGE = YES_ERROR;
				CLANG_WARN_DOCUMENTATION_COMMENTS = YES;
				CLANG_WARN_EMPTY_BODY = YES;
				CLANG_WARN_ENUM_CONVERSION = YES;
				CLANG_WARN_INFINITE_RECURSION = YES;
				CLANG_WARN_INT_CONVERSION = YES;
				CLANG_WARN_NON_LITERAL_NULL_CONVERSION = YES;
				CLANG_WARN_OBJC_IMPLICIT_RETAIN_SELF = YES;
				CLANG_WARN_OBJC_LITERAL_CONVERSION = YES;
				CLANG_WARN_OBJC_ROOT_CLASS = YES_ERROR;
				CLANG_WARN_RANGE_LOOP_ANALYSIS = YES;
				CLANG_WARN_STRICT_PROTOTYPES = YES;
				CLANG_WARN_SUSPICIOUS_MOVE = YES;
				CLANG_WARN_UNGUARDED_AVAILABILITY = YES_AGGRESSIVE;
				CLANG_WARN_UNREACHABLE_CODE = YES;
				CLANG_WARN__DUPLICATE_METHOD_MATCH = YES;
				CODE_SIGN_IDENTITY = "-";
				COPY_PHASE_STRIP = NO;
				DEBUG_INFORMATION_FORMAT = "dwarf-with-dsym";
				ENABLE_NS_ASSERTIONS = NO;
				ENABLE_STRICT_OBJC_MSGSEND = YES;
				GCC_C_LANGUAGE_STANDARD = gnu11;
				GCC_NO_COMMON_BLOCKS = YES;
				GCC_WARN_64_TO_32_BIT_CONVERSION = YES;
				GCC_WARN_ABOUT_RETURN_TYPE = YES_ERROR;
				GCC_WARN_UNDECLARED_SELECTOR = YES;
				GCC_WARN_UNINITIALIZED_AUTOS = YES_AGGRESSIVE;
				GCC_WARN_UNUSED_FUNCTION = YES;
				GCC_WARN_UNUSED_VARIABLE = YES;
				MACOSX_DEPLOYMENT_TARGET = 10.13;
				MTL_ENABLE_DEBUG_INFO = NO;
				MTL_FAST_MATH = YES;
				SDKROOT = macosx;
				SWIFT_COMPILATION_MODE = wholemodule;
				SWIFT_OPTIMIZATION_LEVEL = "-O";
			};
			name = Release;
		};
		BE1793572217524C0075FCA2 /* Debug */ = {
			isa = XCBuildConfiguration;
			buildSettings = {
				ALWAYS_EMBED_SWIFT_STANDARD_LIBRARIES = YES;
				ASSETCATALOG_COMPILER_APPICON_NAME = AppIcon;
				COMBINE_HIDPI_IMAGES = YES;
				INFOPLIST_FILE = Audit/Info.plist;
				LD_RUNPATH_SEARCH_PATHS = (
					"$(inherited)",
					"@executable_path/../Frameworks",
				);
				PRODUCT_BUNDLE_IDENTIFIER = me.cocoagrinder.Audit;
				PRODUCT_NAME = "$(TARGET_NAME)";
				SWIFT_VERSION = 4.2;
			};
			name = Debug;
		};
		BE1793582217524C0075FCA2 /* Release */ = {
			isa = XCBuildConfiguration;
			buildSettings = {
				ALWAYS_EMBED_SWIFT_STANDARD_LIBRARIES = YES;
				ASSETCATALOG_COMPILER_APPICON_NAME = AppIcon;
				COMBINE_HIDPI_IMAGES = YES;
				INFOPLIST_FILE = Audit/Info.plist;
				LD_RUNPATH_SEARCH_PATHS = (
					"$(inherited)",
					"@executable_path/../Frameworks",
				);
				PRODUCT_BUNDLE_IDENTIFIER = me.cocoagrinder.Audit;
				PRODUCT_NAME = "$(TARGET_NAME)";
				SWIFT_VERSION = 4.2;
			};
			name = Release;
		};
		BE179368221753F40075FCA2 /* Debug */ = {
			isa = XCBuildConfiguration;
			buildSettings = {
				CLANG_ENABLE_MODULES = YES;
				CODE_SIGN_IDENTITY = "";
				CODE_SIGN_STYLE = Automatic;
				COMBINE_HIDPI_IMAGES = YES;
				CURRENT_PROJECT_VERSION = 1;
				DEFINES_MODULE = YES;
				DYLIB_COMPATIBILITY_VERSION = 1;
				DYLIB_CURRENT_VERSION = 1;
				DYLIB_INSTALL_NAME_BASE = "@rpath";
				FRAMEWORK_VERSION = A;
				INFOPLIST_FILE = AuditLib/Info.plist;
				INSTALL_PATH = "$(LOCAL_LIBRARY_DIR)/Frameworks";
				LD_RUNPATH_SEARCH_PATHS = (
					"$(inherited)",
					"@executable_path/../Frameworks",
					"@loader_path/Frameworks",
				);
				PRODUCT_BUNDLE_IDENTIFIER = me.cocoagrinder.AuditLib;
				PRODUCT_NAME = "$(TARGET_NAME:c99extidentifier)";
				SKIP_INSTALL = YES;
				SWIFT_OPTIMIZATION_LEVEL = "-Onone";
				SWIFT_VERSION = 4.2;
				VERSIONING_SYSTEM = "apple-generic";
				VERSION_INFO_PREFIX = "";
			};
			name = Debug;
		};
		BE179369221753F40075FCA2 /* Release */ = {
			isa = XCBuildConfiguration;
			buildSettings = {
				CLANG_ENABLE_MODULES = YES;
				CODE_SIGN_IDENTITY = "";
				CODE_SIGN_STYLE = Automatic;
				COMBINE_HIDPI_IMAGES = YES;
				CURRENT_PROJECT_VERSION = 1;
				DEFINES_MODULE = YES;
				DYLIB_COMPATIBILITY_VERSION = 1;
				DYLIB_CURRENT_VERSION = 1;
				DYLIB_INSTALL_NAME_BASE = "@rpath";
				FRAMEWORK_VERSION = A;
				INFOPLIST_FILE = AuditLib/Info.plist;
				INSTALL_PATH = "$(LOCAL_LIBRARY_DIR)/Frameworks";
				LD_RUNPATH_SEARCH_PATHS = (
					"$(inherited)",
					"@executable_path/../Frameworks",
					"@loader_path/Frameworks",
				);
				PRODUCT_BUNDLE_IDENTIFIER = me.cocoagrinder.AuditLib;
				PRODUCT_NAME = "$(TARGET_NAME:c99extidentifier)";
				SKIP_INSTALL = YES;
				SWIFT_VERSION = 4.2;
				VERSIONING_SYSTEM = "apple-generic";
				VERSION_INFO_PREFIX = "";
			};
			name = Release;
		};
/* End XCBuildConfiguration section */

/* Begin XCConfigurationList section */
		BE1793432217524B0075FCA2 /* Build configuration list for PBXProject "Audit" */ = {
			isa = XCConfigurationList;
			buildConfigurations = (
				BE1793542217524C0075FCA2 /* Debug */,
				BE1793552217524C0075FCA2 /* Release */,
			);
			defaultConfigurationIsVisible = 0;
			defaultConfigurationName = Release;
		};
		BE1793562217524C0075FCA2 /* Build configuration list for PBXNativeTarget "Audit" */ = {
			isa = XCConfigurationList;
			buildConfigurations = (
				BE1793572217524C0075FCA2 /* Debug */,
				BE1793582217524C0075FCA2 /* Release */,
			);
			defaultConfigurationIsVisible = 0;
			defaultConfigurationName = Release;
		};
		BE179367221753F40075FCA2 /* Build configuration list for PBXNativeTarget "AuditLib" */ = {
			isa = XCConfigurationList;
			buildConfigurations = (
				BE179368221753F40075FCA2 /* Debug */,
				BE179369221753F40075FCA2 /* Release */,
			);
			defaultConfigurationIsVisible = 0;
			defaultConfigurationName = Release;
		};
/* End XCConfigurationList section */
	};
	rootObject = BE1793402217524B0075FCA2 /* Project object */;
}
